
Microsoft Visual Studio Solution File, Format Version 12.00
# Visual Studio Version 17
VisualStudioVersion = 17.0.31903.59
MinimumVisualStudioVersion = 10.0.40219.1
Project("{2150E333-8FDC-42A3-9474-1A3956D46DE8}") = "src", "src", "{827E0CD3-B72D-47B6-A68D-7590B98EB39B}"
EndProject
Project("{FAE04EC0-301F-11D3-BF4B-00C04F79EFBC}") = "Huml.Net", "src\Huml.Net\Huml.Net.csproj", "{33C2E83C-16A9-4107-9197-368242C14867}"
EndProject
Project("{2150E333-8FDC-42A3-9474-1A3956D46DE8}") = "tests", "tests", "{0AB3BF05-4346-4AA6-1389-037BE0695223}"
EndProject
Project("{FAE04EC0-301F-11D3-BF4B-00C04F79EFBC}") = "Huml.Net.Tests", "tests\Huml.Net.Tests\Huml.Net.Tests.csproj", "{6A99288C-00BE-4300-ACBD-AABF4CB31630}"
EndProject
Project("{FAE04EC0-301F-11D3-BF4B-00C04F79EFBC}") = "HumlScratchpad", "HumlScratchpad\HumlScratchpad.csproj", "{66B6A038-BAFC-42F0-B6EC-E25E6AD3D4D1}"
EndProject
Global
	GlobalSection(SolutionConfigurationPlatforms) = preSolution
		Debug|Any CPU = Debug|Any CPU
		Debug|x64 = Debug|x64
		Debug|x86 = Debug|x86
		Release|Any CPU = Release|Any CPU
		Release|x64 = Release|x64
		Release|x86 = Release|x86
	EndGlobalSection
	GlobalSection(ProjectConfigurationPlatforms) = postSolution
		{33C2E83C-16A9-4107-9197-368242C14867}.Debug|Any CPU.ActiveCfg = Debug|Any CPU
		{33C2E83C-16A9-4107-9197-368242C14867}.Debug|Any CPU.Build.0 = Debug|Any CPU
		{33C2E83C-16A9-4107-9197-368242C14867}.Debug|x64.ActiveCfg = Debug|Any CPU
		{33C2E83C-16A9-4107-9197-368242C14867}.Debug|x64.Build.0 = Debug|Any CPU
		{33C2E83C-16A9-4107-9197-368242C14867}.Debug|x86.ActiveCfg = Debug|Any CPU
		{33C2E83C-16A9-4107-9197-368242C14867}.Debug|x86.Build.0 = Debug|Any CPU
		{33C2E83C-16A9-4107-9197-368242C14867}.Release|Any CPU.ActiveCfg = Release|Any CPU
		{33C2E83C-16A9-4107-9197-368242C14867}.Release|Any CPU.Build.0 = Release|Any CPU
		{33C2E83C-16A9-4107-9197-368242C14867}.Release|x64.ActiveCfg = Release|Any CPU
		{33C2E83C-16A9-4107-9197-368242C14867}.Release|x64.Build.0 = Release|Any CPU
		{33C2E83C-16A9-4107-9197-368242C14867}.Release|x86.ActiveCfg = Release|Any CPU
		{33C2E83C-16A9-4107-9197-368242C14867}.Release|x86.Build.0 = Release|Any CPU
		{6A99288C-00BE-4300-ACBD-AABF4CB31630}.Debug|Any CPU.ActiveCfg = Debug|Any CPU
		{6A99288C-00BE-4300-ACBD-AABF4CB31630}.Debug|Any CPU.Build.0 = Debug|Any CPU
		{6A99288C-00BE-4300-ACBD-AABF4CB31630}.Debug|x64.ActiveCfg = Debug|Any CPU
		{6A99288C-00BE-4300-ACBD-AABF4CB31630}.Debug|x64.Build.0 = Debug|Any CPU
		{6A99288C-00BE-4300-ACBD-AABF4CB31630}.Debug|x86.ActiveCfg = Debug|Any CPU
		{6A99288C-00BE-4300-ACBD-AABF4CB31630}.Debug|x86.Build.0 = Debug|Any CPU
		{6A99288C-00BE-4300-ACBD-AABF4CB31630}.Release|Any CPU.ActiveCfg = Release|Any CPU
		{6A99288C-00BE-4300-ACBD-AABF4CB31630}.Release|Any CPU.Build.0 = Release|Any CPU
		{6A99288C-00BE-4300-ACBD-AABF4CB31630}.Release|x64.ActiveCfg = Release|Any CPU
		{6A99288C-00BE-4300-ACBD-AABF4CB31630}.Release|x64.Build.0 = Release|Any CPU
		{6A99288C-00BE-4300-ACBD-AABF4CB31630}.Release|x86.ActiveCfg = Release|Any CPU
		{6A99288C-00BE-4300-ACBD-AABF4CB31630}.Release|x86.Build.0 = Release|Any CPU
		{66B6A038-BAFC-42F0-B6EC-E25E6AD3D4D1}.Debug|Any CPU.ActiveCfg = Debug|Any CPU
		{66B6A038-BAFC-42F0-B6EC-E25E6AD3D4D1}.Debug|Any CPU.Build.0 = Debug|Any CPU
		{66B6A038-BAFC-42F0-B6EC-E25E6AD3D4D1}.Debug|x64.ActiveCfg = Debug|Any CPU
		{66B6A038-BAFC-42F0-B6EC-E25E6AD3D4D1}.Debug|x64.Build.0 = Debug|Any CPU
		{66B6A038-BAFC-42F0-B6EC-E25E6AD3D4D1}.Debug|x86.ActiveCfg = Debug|Any CPU
		{66B6A038-BAFC-42F0-B6EC-E25E6AD3D4D1}.Debug|x86.Build.0 = Debug|Any CPU
		{66B6A038-BAFC-42F0-B6EC-E25E6AD3D4D1}.Release|Any CPU.ActiveCfg = Release|Any CPU
		{66B6A038-BAFC-42F0-B6EC-E25E6AD3D4D1}.Release|Any CPU.Build.0 = Release|Any CPU
		{66B6A038-BAFC-42F0-B6EC-E25E6AD3D4D1}.Release|x64.ActiveCfg = Release|Any CPU
		{66B6A038-BAFC-42F0-B6EC-E25E6AD3D4D1}.Release|x64.Build.0 = Release|Any CPU
		{66B6A038-BAFC-42F0-B6EC-E25E6AD3D4D1}.Release|x86.ActiveCfg = Release|Any CPU
		{66B6A038-BAFC-42F0-B6EC-E25E6AD3D4D1}.Release|x86.Build.0 = Release|Any CPU
	EndGlobalSection
	GlobalSection(SolutionProperties) = preSolution
		HideSolutionNode = FALSE
	EndGlobalSection
	GlobalSection(NestedProjects) = preSolution
		{33C2E83C-16A9-4107-9197-368242C14867} = {827E0CD3-B72D-47B6-A68D-7590B98EB39B}
		{6A99288C-00BE-4300-ACBD-AABF4CB31630} = {0AB3BF05-4346-4AA6-1389-037BE0695223}
	EndGlobalSection
EndGlobal
